
Microsoft Visual Studio Solution File, Format Version 12.00
# Visual Studio Version 16
VisualStudioVersion = 16.0.32802.440
MinimumVisualStudioVersion = 10.0.40219.1
Project("{9A19103F-16F7-4668-BE54-9A1E7A4F7556}") = "ObligatorioP2", "ObligatorioP2\ObligatorioP2.csproj", "{27E76801-BEB6-4963-8C5F-674A8BBDFB5E}"
EndProject
Project("{9A19103F-16F7-4668-BE54-9A1E7A4F7556}") = "Dominio", "Dominio\Dominio.csproj", "{8127CC57-30A6-4AF5-86AC-A3DDBD36600E}"
EndProject
Project("{FAE04EC0-301F-11D3-BF4B-00C04F79EFBC}") = "WebObligatorio", "WebObligatorio\WebObligatorio.csproj", "{0D31AFAB-872A-4957-AB30-C5853F041992}"
EndProject
Global
	GlobalSection(SolutionConfigurationPlatforms) = preSolution
		Debug|Any CPU = Debug|Any CPU
		Release|Any CPU = Release|Any CPU
	EndGlobalSection
	GlobalSection(ProjectConfigurationPlatforms) = postSolution
		{27E76801-BEB6-4963-8C5F-674A8BBDFB5E}.Debug|Any CPU.ActiveCfg = Debug|Any CPU
		{27E76801-BEB6-4963-8C5F-674A8BBDFB5E}.Debug|Any CPU.Build.0 = Debug|Any CPU
		{27E76801-BEB6-4963-8C5F-674A8BBDFB5E}.Release|Any CPU.ActiveCfg = Release|Any CPU
		{27E76801-BEB6-4963-8C5F-674A8BBDFB5E}.Release|Any CPU.Build.0 = Release|Any CPU
		{8127CC57-30A6-4AF5-86AC-A3DDBD36600E}.Debug|Any CPU.ActiveCfg = Debug|Any CPU
		{8127CC57-30A6-4AF5-86AC-A3DDBD36600E}.Debug|Any CPU.Build.0 = Debug|Any CPU
		{8127CC57-30A6-4AF5-86AC-A3DDBD36600E}.Release|Any CPU.ActiveCfg = Release|Any CPU
		{8127CC57-30A6-4AF5-86AC-A3DDBD36600E}.Release|Any CPU.Build.0 = Release|Any CPU
		{0D31AFAB-872A-4957-AB30-C5853F041992}.Debug|Any CPU.ActiveCfg = Debug|Any CPU
		{0D31AFAB-872A-4957-AB30-C5853F041992}.Debug|Any CPU.Build.0 = Debug|Any CPU
		{0D31AFAB-872A-4957-AB30-C5853F041992}.Release|Any CPU.ActiveCfg = Release|Any CPU
		{0D31AFAB-872A-4957-AB30-C5853F041992}.Release|Any CPU.Build.0 = Release|Any CPU
	EndGlobalSection
	GlobalSection(SolutionProperties) = preSolution
		HideSolutionNode = FALSE
	EndGlobalSection
	GlobalSection(ExtensibilityGlobals) = postSolution
		SolutionGuid = {0E118C50-236A-40D0-9747-D242F4D63E1C}
	EndGlobalSection
EndGlobal
